
Microsoft Visual Studio Solution File, Format Version 12.00
Project("{FAE04EC0-301F-11D3-BF4B-00C04F79EFBC}") = "EmDoggo", "src\EmDoggo\EmDoggo.csproj", "{17F2A56F-955E-4ED9-85D5-EA81260B8BD3}"
EndProject
Project("{FAE04EC0-301F-11D3-BF4B-00C04F79EFBC}") = "EmDoggo.Application", "src\EmDoggo.Application\EmDoggo.Application.csproj", "{D8FE7FA5-1D8F-43A7-98C5-F0970EB2C426}"
EndProject
Project("{FAE04EC0-301F-11D3-BF4B-00C04F79EFBC}") = "EmDoggo.Domain", "src\EmDoggo.Domain\EmDoggo.Domain.csproj", "{D348851D-E81F-486A-B00D-E18D90730E72}"
EndProject
Project("{FAE04EC0-301F-11D3-BF4B-00C04F79EFBC}") = "EmDoggo.Infrastructure", "src\EmDoggo.Infrastructure\EmDoggo.Infrastructure.csproj", "{1F18171F-3A9E-44CB-B4DC-E68FECF24D35}"
EndProject
Project("{FAE04EC0-301F-11D3-BF4B-00C04F79EFBC}") = "EmDoggo.Admin", "src\EmDoggo.Admin\EmDoggo.Admin.csproj", "{0AE54138-B5C3-4C95-8EAC-6A9AB2158D90}"
EndProject
Project("{FAE04EC0-301F-11D3-BF4B-00C04F79EFBC}") = "EmDoggo.ClientBuilder", "src\EmDoggo.ClientBuilder\EmDoggo.ClientBuilder.csproj", "{6FCF12C9-A4E2-4BAC-9BFC-62BB01033C4B}"
EndProject
Project("{2150E333-8FDC-42A3-9474-1A3956D46DE8}") = "SolutionFiles", "SolutionFiles", "{7A5BAD3C-BADE-4A3A-ADD8-3EDDA131F5B6}"
	ProjectSection(SolutionItems) = preProject
		em-cli.json = em-cli.json
		.github\workflows\build.yml = .github\workflows\build.yml
		.gitignore = .gitignore
	EndProjectSection
EndProject
Global
	GlobalSection(SolutionConfigurationPlatforms) = preSolution
		Debug|Any CPU = Debug|Any CPU
		Release|Any CPU = Release|Any CPU
	EndGlobalSection
	GlobalSection(ProjectConfigurationPlatforms) = postSolution
		{17F2A56F-955E-4ED9-85D5-EA81260B8BD3}.Debug|Any CPU.ActiveCfg = Debug|Any CPU
		{17F2A56F-955E-4ED9-85D5-EA81260B8BD3}.Debug|Any CPU.Build.0 = Debug|Any CPU
		{17F2A56F-955E-4ED9-85D5-EA81260B8BD3}.Release|Any CPU.ActiveCfg = Release|Any CPU
		{17F2A56F-955E-4ED9-85D5-EA81260B8BD3}.Release|Any CPU.Build.0 = Release|Any CPU
		{D8FE7FA5-1D8F-43A7-98C5-F0970EB2C426}.Debug|Any CPU.ActiveCfg = Debug|Any CPU
		{D8FE7FA5-1D8F-43A7-98C5-F0970EB2C426}.Debug|Any CPU.Build.0 = Debug|Any CPU
		{D8FE7FA5-1D8F-43A7-98C5-F0970EB2C426}.Release|Any CPU.ActiveCfg = Release|Any CPU
		{D8FE7FA5-1D8F-43A7-98C5-F0970EB2C426}.Release|Any CPU.Build.0 = Release|Any CPU
		{D348851D-E81F-486A-B00D-E18D90730E72}.Debug|Any CPU.ActiveCfg = Debug|Any CPU
		{D348851D-E81F-486A-B00D-E18D90730E72}.Debug|Any CPU.Build.0 = Debug|Any CPU
		{D348851D-E81F-486A-B00D-E18D90730E72}.Release|Any CPU.ActiveCfg = Release|Any CPU
		{D348851D-E81F-486A-B00D-E18D90730E72}.Release|Any CPU.Build.0 = Release|Any CPU
		{1F18171F-3A9E-44CB-B4DC-E68FECF24D35}.Debug|Any CPU.ActiveCfg = Debug|Any CPU
		{1F18171F-3A9E-44CB-B4DC-E68FECF24D35}.Debug|Any CPU.Build.0 = Debug|Any CPU
		{1F18171F-3A9E-44CB-B4DC-E68FECF24D35}.Release|Any CPU.ActiveCfg = Release|Any CPU
		{1F18171F-3A9E-44CB-B4DC-E68FECF24D35}.Release|Any CPU.Build.0 = Release|Any CPU
		{0AE54138-B5C3-4C95-8EAC-6A9AB2158D90}.Debug|Any CPU.ActiveCfg = Debug|Any CPU
		{0AE54138-B5C3-4C95-8EAC-6A9AB2158D90}.Debug|Any CPU.Build.0 = Debug|Any CPU
		{0AE54138-B5C3-4C95-8EAC-6A9AB2158D90}.Release|Any CPU.ActiveCfg = Release|Any CPU
		{0AE54138-B5C3-4C95-8EAC-6A9AB2158D90}.Release|Any CPU.Build.0 = Release|Any CPU
		{6FCF12C9-A4E2-4BAC-9BFC-62BB01033C4B}.Debug|Any CPU.ActiveCfg = Debug|Any CPU
		{6FCF12C9-A4E2-4BAC-9BFC-62BB01033C4B}.Debug|Any CPU.Build.0 = Debug|Any CPU
		{6FCF12C9-A4E2-4BAC-9BFC-62BB01033C4B}.Release|Any CPU.ActiveCfg = Release|Any CPU
		{6FCF12C9-A4E2-4BAC-9BFC-62BB01033C4B}.Release|Any CPU.Build.0 = Release|Any CPU
	EndGlobalSection
EndGlobal
