
Microsoft Visual Studio Solution File, Format Version 12.00
Project("{FAE04EC0-301F-11D3-BF4B-00C04F79EFBC}") = "Emeraude", "src\Emeraude\Emeraude.csproj", "{3A724B53-C4C4-4AC1-9D3E-7760BCF55BB9}"
EndProject
Project("{FAE04EC0-301F-11D3-BF4B-00C04F79EFBC}") = "Emeraude.PortalGateway", "src\Emeraude.PortalGateway\Emeraude.PortalGateway.csproj", "{46459A3E-5C9A-41C7-B80D-29B3AB315A6D}"
EndProject
Project("{FAE04EC0-301F-11D3-BF4B-00C04F79EFBC}") = "Emeraude.Identity", "src\Emeraude.Identity\Emeraude.Identity.csproj", "{A213B69A-A603-4222-8287-EBD062613853}"
EndProject
Project("{FAE04EC0-301F-11D3-BF4B-00C04F79EFBC}") = "Emeraude.Pages", "src\Emeraude.Pages\Emeraude.Pages.csproj", "{9C520155-3841-41D7-BAB5-B8FB5E0BE2D2}"
EndProject
Project("{FAE04EC0-301F-11D3-BF4B-00C04F79EFBC}") = "Emeraude.Application", "src\Emeraude.Application\Emeraude.Application.csproj", "{9CBDA6E4-0F06-44E8-88A4-C57E63DAB1CF}"
EndProject
Project("{2150E333-8FDC-42A3-9474-1A3956D46DE8}") = "SolutionFiles", "SolutionFiles", "{FD3B47BD-0233-45E1-B026-5218E069A1BF}"
	ProjectSection(SolutionItems) = preProject
		Emeraude.ruleset = Emeraude.ruleset
		Emeraude.targets = Emeraude.targets
	EndProjectSection
EndProject
Project("{2150E333-8FDC-42A3-9474-1A3956D46DE8}") = "Tests", "Tests", "{9AE5F245-12DF-48A4-9218-1A8082B169B0}"
EndProject
Project("{FAE04EC0-301F-11D3-BF4B-00C04F79EFBC}") = "Emeraude.Pages.Tests", "test\Emeraude.Pages.Tests\Emeraude.Pages.Tests.csproj", "{BD421323-562F-42CF-AE18-35EB6FC77CD7}"
EndProject
Project("{FAE04EC0-301F-11D3-BF4B-00C04F79EFBC}") = "TestProject", "test\TestProject\TestProject.csproj", "{30B94996-4E50-4EBF-BB9D-ADB324FBA9D0}"
EndProject
Project("{FAE04EC0-301F-11D3-BF4B-00C04F79EFBC}") = "Emeraude.Application.Tests", "test\Emeraude.Application.Tests\Emeraude.Application.Tests.csproj", "{2E53F564-9D77-4DA3-A761-4DDB697292F5}"
EndProject
Project("{FAE04EC0-301F-11D3-BF4B-00C04F79EFBC}") = "TestWebApplication", "test\TestWebApplication\TestWebApplication.csproj", "{C149EEAB-F766-49A9-9572-8DC9ECA4F7D8}"
EndProject
Project("{FAE04EC0-301F-11D3-BF4B-00C04F79EFBC}") = "Emeraude.PortalGateway.Tests", "test\Emeraude.PortalGateway.Tests\Emeraude.PortalGateway.Tests.csproj", "{14E2F7CA-591E-4472-9CE5-8E38558CD7DB}"
EndProject
Project("{FAE04EC0-301F-11D3-BF4B-00C04F79EFBC}") = "Emeraude.Identity.Tests", "test\Emeraude.Identity.Tests\Emeraude.Identity.Tests.csproj", "{31454F69-54EB-444F-BFC1-07EFA624AF67}"
EndProject
Project("{FAE04EC0-301F-11D3-BF4B-00C04F79EFBC}") = "Emeraude.Tests", "test\Emeraude.Tests\Emeraude.Tests.csproj", "{5565800F-5FF4-4F67-8ECA-23C3D4D863A2}"
EndProject
Global
	GlobalSection(SolutionConfigurationPlatforms) = preSolution
		Debug|Any CPU = Debug|Any CPU
		Release|Any CPU = Release|Any CPU
	EndGlobalSection
	GlobalSection(ProjectConfigurationPlatforms) = postSolution
		{3A724B53-C4C4-4AC1-9D3E-7760BCF55BB9}.Debug|Any CPU.ActiveCfg = Debug|Any CPU
		{3A724B53-C4C4-4AC1-9D3E-7760BCF55BB9}.Debug|Any CPU.Build.0 = Debug|Any CPU
		{3A724B53-C4C4-4AC1-9D3E-7760BCF55BB9}.Release|Any CPU.ActiveCfg = Release|Any CPU
		{3A724B53-C4C4-4AC1-9D3E-7760BCF55BB9}.Release|Any CPU.Build.0 = Release|Any CPU
		{46459A3E-5C9A-41C7-B80D-29B3AB315A6D}.Debug|Any CPU.ActiveCfg = Debug|Any CPU
		{46459A3E-5C9A-41C7-B80D-29B3AB315A6D}.Debug|Any CPU.Build.0 = Debug|Any CPU
		{46459A3E-5C9A-41C7-B80D-29B3AB315A6D}.Release|Any CPU.ActiveCfg = Release|Any CPU
		{46459A3E-5C9A-41C7-B80D-29B3AB315A6D}.Release|Any CPU.Build.0 = Release|Any CPU
		{A213B69A-A603-4222-8287-EBD062613853}.Debug|Any CPU.ActiveCfg = Debug|Any CPU
		{A213B69A-A603-4222-8287-EBD062613853}.Debug|Any CPU.Build.0 = Debug|Any CPU
		{A213B69A-A603-4222-8287-EBD062613853}.Release|Any CPU.ActiveCfg = Release|Any CPU
		{A213B69A-A603-4222-8287-EBD062613853}.Release|Any CPU.Build.0 = Release|Any CPU
		{9C520155-3841-41D7-BAB5-B8FB5E0BE2D2}.Debug|Any CPU.ActiveCfg = Debug|Any CPU
		{9C520155-3841-41D7-BAB5-B8FB5E0BE2D2}.Debug|Any CPU.Build.0 = Debug|Any CPU
		{9C520155-3841-41D7-BAB5-B8FB5E0BE2D2}.Release|Any CPU.ActiveCfg = Release|Any CPU
		{9C520155-3841-41D7-BAB5-B8FB5E0BE2D2}.Release|Any CPU.Build.0 = Release|Any CPU
		{9CBDA6E4-0F06-44E8-88A4-C57E63DAB1CF}.Debug|Any CPU.ActiveCfg = Debug|Any CPU
		{9CBDA6E4-0F06-44E8-88A4-C57E63DAB1CF}.Debug|Any CPU.Build.0 = Debug|Any CPU
		{9CBDA6E4-0F06-44E8-88A4-C57E63DAB1CF}.Release|Any CPU.ActiveCfg = Release|Any CPU
		{9CBDA6E4-0F06-44E8-88A4-C57E63DAB1CF}.Release|Any CPU.Build.0 = Release|Any CPU
		{BD421323-562F-42CF-AE18-35EB6FC77CD7}.Debug|Any CPU.ActiveCfg = Debug|Any CPU
		{BD421323-562F-42CF-AE18-35EB6FC77CD7}.Debug|Any CPU.Build.0 = Debug|Any CPU
		{BD421323-562F-42CF-AE18-35EB6FC77CD7}.Release|Any CPU.ActiveCfg = Release|Any CPU
		{BD421323-562F-42CF-AE18-35EB6FC77CD7}.Release|Any CPU.Build.0 = Release|Any CPU
		{30B94996-4E50-4EBF-BB9D-ADB324FBA9D0}.Debug|Any CPU.ActiveCfg = Debug|Any CPU
		{30B94996-4E50-4EBF-BB9D-ADB324FBA9D0}.Debug|Any CPU.Build.0 = Debug|Any CPU
		{30B94996-4E50-4EBF-BB9D-ADB324FBA9D0}.Release|Any CPU.ActiveCfg = Release|Any CPU
		{30B94996-4E50-4EBF-BB9D-ADB324FBA9D0}.Release|Any CPU.Build.0 = Release|Any CPU
		{2E53F564-9D77-4DA3-A761-4DDB697292F5}.Debug|Any CPU.ActiveCfg = Debug|Any CPU
		{2E53F564-9D77-4DA3-A761-4DDB697292F5}.Debug|Any CPU.Build.0 = Debug|Any CPU
		{2E53F564-9D77-4DA3-A761-4DDB697292F5}.Release|Any CPU.ActiveCfg = Release|Any CPU
		{2E53F564-9D77-4DA3-A761-4DDB697292F5}.Release|Any CPU.Build.0 = Release|Any CPU
		{C149EEAB-F766-49A9-9572-8DC9ECA4F7D8}.Debug|Any CPU.ActiveCfg = Debug|Any CPU
		{C149EEAB-F766-49A9-9572-8DC9ECA4F7D8}.Debug|Any CPU.Build.0 = Debug|Any CPU
		{C149EEAB-F766-49A9-9572-8DC9ECA4F7D8}.Release|Any CPU.ActiveCfg = Release|Any CPU
		{C149EEAB-F766-49A9-9572-8DC9ECA4F7D8}.Release|Any CPU.Build.0 = Release|Any CPU
		{14E2F7CA-591E-4472-9CE5-8E38558CD7DB}.Debug|Any CPU.ActiveCfg = Debug|Any CPU
		{14E2F7CA-591E-4472-9CE5-8E38558CD7DB}.Debug|Any CPU.Build.0 = Debug|Any CPU
		{14E2F7CA-591E-4472-9CE5-8E38558CD7DB}.Release|Any CPU.ActiveCfg = Release|Any CPU
		{14E2F7CA-591E-4472-9CE5-8E38558CD7DB}.Release|Any CPU.Build.0 = Release|Any CPU
		{31454F69-54EB-444F-BFC1-07EFA624AF67}.Debug|Any CPU.ActiveCfg = Debug|Any CPU
		{31454F69-54EB-444F-BFC1-07EFA624AF67}.Debug|Any CPU.Build.0 = Debug|Any CPU
		{31454F69-54EB-444F-BFC1-07EFA624AF67}.Release|Any CPU.ActiveCfg = Release|Any CPU
		{31454F69-54EB-444F-BFC1-07EFA624AF67}.Release|Any CPU.Build.0 = Release|Any CPU
		{5565800F-5FF4-4F67-8ECA-23C3D4D863A2}.Debug|Any CPU.ActiveCfg = Debug|Any CPU
		{5565800F-5FF4-4F67-8ECA-23C3D4D863A2}.Debug|Any CPU.Build.0 = Debug|Any CPU
		{5565800F-5FF4-4F67-8ECA-23C3D4D863A2}.Release|Any CPU.ActiveCfg = Release|Any CPU
		{5565800F-5FF4-4F67-8ECA-23C3D4D863A2}.Release|Any CPU.Build.0 = Release|Any CPU
	EndGlobalSection
	GlobalSection(NestedProjects) = preSolution
		{BD421323-562F-42CF-AE18-35EB6FC77CD7} = {9AE5F245-12DF-48A4-9218-1A8082B169B0}
		{30B94996-4E50-4EBF-BB9D-ADB324FBA9D0} = {9AE5F245-12DF-48A4-9218-1A8082B169B0}
		{2E53F564-9D77-4DA3-A761-4DDB697292F5} = {9AE5F245-12DF-48A4-9218-1A8082B169B0}
		{C149EEAB-F766-49A9-9572-8DC9ECA4F7D8} = {9AE5F245-12DF-48A4-9218-1A8082B169B0}
		{14E2F7CA-591E-4472-9CE5-8E38558CD7DB} = {9AE5F245-12DF-48A4-9218-1A8082B169B0}
		{31454F69-54EB-444F-BFC1-07EFA624AF67} = {9AE5F245-12DF-48A4-9218-1A8082B169B0}
		{5565800F-5FF4-4F67-8ECA-23C3D4D863A2} = {9AE5F245-12DF-48A4-9218-1A8082B169B0}
	EndGlobalSection
EndGlobal
