
Microsoft Visual Studio Solution File, Format Version 12.00
# Visual Studio Version 16
VisualStudioVersion = 16.0.29503.13
MinimumVisualStudioVersion = 10.0.40219.1
Project("{2150E333-8FDC-42A3-9474-1A3956D46DE8}") = "Tests", "Tests", "{2A822AA4-5E2B-4D9E-874C-325E9F62E260}"
EndProject
Project("{2150E333-8FDC-42A3-9474-1A3956D46DE8}") = "SolutionFiles", "SolutionFiles", "{D2F33964-7C45-4929-8E78-B33BA689A05F}"
ProjectSection(SolutionItems) = preProject
	Emeraude.targets = Emeraude.targets
	appveyor.yml = appveyor.yml
	.github\workflows\dotnet-core.yml = .github\workflows\dotnet-core.yml
	Emeraude.ruleset = Emeraude.ruleset
EndProjectSection
EndProject
Project("{FAE04EC0-301F-11D3-BF4B-00C04F79EFBC}") = "Emeraude", "src\Emeraude\Emeraude.csproj", "{EBD0BDA8-0B66-4D8E-9151-65E55857A549}"
EndProject
Project("{FAE04EC0-301F-11D3-BF4B-00C04F79EFBC}") = "Emeraude.Application", "src\Emeraude.Application\Emeraude.Application.csproj", "{519E8BEE-95C1-4860-8CA7-76B0EF318988}"
EndProject
Project("{FAE04EC0-301F-11D3-BF4B-00C04F79EFBC}") = "Emeraude.Application.Admin", "src\Emeraude.Application.Admin\Emeraude.Application.Admin.csproj", "{01550816-C80B-431A-A4DC-E9B31686FD77}"
EndProject
Project("{FAE04EC0-301F-11D3-BF4B-00C04F79EFBC}") = "Emeraude.Application.Admin.EmPages", "src\Emeraude.Application.Admin.EmPages\Emeraude.Application.Admin.EmPages.csproj", "{3E240975-9B66-41D9-B12E-3A2D39A2B020}"
EndProject
Project("{FAE04EC0-301F-11D3-BF4B-00C04F79EFBC}") = "Emeraude.Application.ClientBuilder", "src\Emeraude.Application.ClientBuilder\Emeraude.Application.ClientBuilder.csproj", "{B64D2D43-9E64-4C3E-9C47-EF7DC12FAF85}"
EndProject
Project("{FAE04EC0-301F-11D3-BF4B-00C04F79EFBC}") = "Emeraude.Application.Consumer", "src\Emeraude.Application.Consumer\Emeraude.Application.Consumer.csproj", "{F16F303C-86C2-4715-A4C9-05DE47727686}"
EndProject
Project("{FAE04EC0-301F-11D3-BF4B-00C04F79EFBC}") = "Emeraude.Application.Identity", "src\Emeraude.Application.Identity\Emeraude.Application.Identity.csproj", "{048A737C-FC4D-447C-BBB4-C9099412AC9F}"
EndProject
Project("{FAE04EC0-301F-11D3-BF4B-00C04F79EFBC}") = "Emeraude.Cli", "src\Emeraude.Cli\Emeraude.Cli.csproj", "{C93D7C40-727F-4D59-A84A-C92B5B8527DD}"
EndProject
Project("{FAE04EC0-301F-11D3-BF4B-00C04F79EFBC}") = "Emeraude.Configuration", "src\Emeraude.Configuration\Emeraude.Configuration.csproj", "{42CB1C7D-C96E-42E6-A9FD-BF4C1129A19B}"
EndProject
Project("{FAE04EC0-301F-11D3-BF4B-00C04F79EFBC}") = "Emeraude.Contracts", "src\Emeraude.Contracts\Emeraude.Contracts.csproj", "{EC217189-7B70-41D8-B09D-19C363C0E27D}"
EndProject
Project("{FAE04EC0-301F-11D3-BF4B-00C04F79EFBC}") = "Emeraude.Essentials", "src\Emeraude.Essentials\Emeraude.Essentials.csproj", "{3AB64A20-61CD-466C-BCE2-A47FD97F09C8}"
EndProject
Project("{FAE04EC0-301F-11D3-BF4B-00C04F79EFBC}") = "Emeraude.Infrastructure", "src\Emeraude.Infrastructure\Emeraude.Infrastructure.csproj", "{4B6CE6E0-2ED7-472E-8975-8D3D39B23581}"
EndProject
Project("{FAE04EC0-301F-11D3-BF4B-00C04F79EFBC}") = "Emeraude.Infrastructure.FileStorage", "src\Emeraude.Infrastructure.FileStorage\Emeraude.Infrastructure.FileStorage.csproj", "{21328C2F-F9CE-451D-A058-B53F55BD389C}"
EndProject
Project("{FAE04EC0-301F-11D3-BF4B-00C04F79EFBC}") = "Emeraude.Infrastructure.Identity", "src\Emeraude.Infrastructure.Identity\Emeraude.Infrastructure.Identity.csproj", "{85EED3D8-4368-4479-9CA4-553210487263}"
EndProject
Project("{FAE04EC0-301F-11D3-BF4B-00C04F79EFBC}") = "Emeraude.Infrastructure.Localization", "src\Emeraude.Infrastructure.Localization\Emeraude.Infrastructure.Localization.csproj", "{1A66EDDE-73DE-4F97-AAA3-125C1A8E3511}"
EndProject
Project("{FAE04EC0-301F-11D3-BF4B-00C04F79EFBC}") = "Emeraude.Infrastructure.Persistence", "src\Emeraude.Infrastructure.Persistence\Emeraude.Infrastructure.Persistence.csproj", "{71B85C54-1256-4D78-A421-DB2BF4A6E29F}"
EndProject
Project("{FAE04EC0-301F-11D3-BF4B-00C04F79EFBC}") = "Emeraude.Presentation", "src\Emeraude.Presentation\Emeraude.Presentation.csproj", "{AAE0CCD6-CD0A-4E34-A48B-FF781385455F}"
EndProject
Project("{FAE04EC0-301F-11D3-BF4B-00C04F79EFBC}") = "Emeraude.Presentation.PlatformBase", "src\Emeraude.Presentation.PlatformBase\Emeraude.Presentation.PlatformBase.csproj", "{817ACA7A-F174-4441-8E84-41A9125B1E02}"
EndProject
Project("{FAE04EC0-301F-11D3-BF4B-00C04F79EFBC}") = "Emeraude.Presentation.PortalGateway", "src\Emeraude.Presentation.PortalGateway\Emeraude.Presentation.PortalGateway.csproj", "{39416E26-A4FA-46E3-B4E1-271ACEF72B84}"
EndProject
Project("{FAE04EC0-301F-11D3-BF4B-00C04F79EFBC}") = "Emeraude.Tests", "tests\Emeraude.Tests\Emeraude.Tests.csproj", "{7A2B5647-268E-4A74-827D-61226E3E7074}"
EndProject
Project("{FAE04EC0-301F-11D3-BF4B-00C04F79EFBC}") = "Emeraude.Tests.Application", "tests\Emeraude.Tests.Application\Emeraude.Tests.Application.csproj", "{49094F12-5678-4713-AA43-BB655F8B3BE8}"
EndProject
Project("{FAE04EC0-301F-11D3-BF4B-00C04F79EFBC}") = "Emeraude.Tests.Essentials", "tests\Emeraude.Tests.Essentials\Emeraude.Tests.Essentials.csproj", "{E98986B6-401B-4626-B42A-F43EA4DADF51}"
EndProject
Project("{FAE04EC0-301F-11D3-BF4B-00C04F79EFBC}") = "Emeraude.Tests.Infrastructure", "tests\Emeraude.Tests.Infrastructure\Emeraude.Tests.Infrastructure.csproj", "{DF0B745A-1D3D-47FB-A29C-59E1DB6CECF8}"
EndProject
Project("{FAE04EC0-301F-11D3-BF4B-00C04F79EFBC}") = "Emeraude.Tests.Presentation", "tests\Emeraude.Tests.Presentation\Emeraude.Tests.Presentation.csproj", "{A42CA9CE-39B2-41CC-9972-D794D22379D4}"
EndProject
Project("{FAE04EC0-301F-11D3-BF4B-00C04F79EFBC}") = "Emeraude.Defaults", "src\Emeraude.Defaults\Emeraude.Defaults.csproj", "{99FD0614-4DAF-4AAA-80AE-A12057919C19}"
EndProject
Global
	GlobalSection(SolutionConfigurationPlatforms) = preSolution
		Debug|Any CPU = Debug|Any CPU
		Release|Any CPU = Release|Any CPU
	EndGlobalSection
	GlobalSection(ProjectConfigurationPlatforms) = postSolution
		{EBD0BDA8-0B66-4D8E-9151-65E55857A549}.Debug|Any CPU.ActiveCfg = Debug|Any CPU
		{EBD0BDA8-0B66-4D8E-9151-65E55857A549}.Debug|Any CPU.Build.0 = Debug|Any CPU
		{EBD0BDA8-0B66-4D8E-9151-65E55857A549}.Release|Any CPU.ActiveCfg = Release|Any CPU
		{EBD0BDA8-0B66-4D8E-9151-65E55857A549}.Release|Any CPU.Build.0 = Release|Any CPU
		{519E8BEE-95C1-4860-8CA7-76B0EF318988}.Debug|Any CPU.ActiveCfg = Debug|Any CPU
		{519E8BEE-95C1-4860-8CA7-76B0EF318988}.Debug|Any CPU.Build.0 = Debug|Any CPU
		{519E8BEE-95C1-4860-8CA7-76B0EF318988}.Release|Any CPU.ActiveCfg = Release|Any CPU
		{519E8BEE-95C1-4860-8CA7-76B0EF318988}.Release|Any CPU.Build.0 = Release|Any CPU
		{01550816-C80B-431A-A4DC-E9B31686FD77}.Debug|Any CPU.ActiveCfg = Debug|Any CPU
		{01550816-C80B-431A-A4DC-E9B31686FD77}.Debug|Any CPU.Build.0 = Debug|Any CPU
		{01550816-C80B-431A-A4DC-E9B31686FD77}.Release|Any CPU.ActiveCfg = Release|Any CPU
		{01550816-C80B-431A-A4DC-E9B31686FD77}.Release|Any CPU.Build.0 = Release|Any CPU
		{3E240975-9B66-41D9-B12E-3A2D39A2B020}.Debug|Any CPU.ActiveCfg = Debug|Any CPU
		{3E240975-9B66-41D9-B12E-3A2D39A2B020}.Debug|Any CPU.Build.0 = Debug|Any CPU
		{3E240975-9B66-41D9-B12E-3A2D39A2B020}.Release|Any CPU.ActiveCfg = Release|Any CPU
		{3E240975-9B66-41D9-B12E-3A2D39A2B020}.Release|Any CPU.Build.0 = Release|Any CPU
		{B64D2D43-9E64-4C3E-9C47-EF7DC12FAF85}.Debug|Any CPU.ActiveCfg = Debug|Any CPU
		{B64D2D43-9E64-4C3E-9C47-EF7DC12FAF85}.Debug|Any CPU.Build.0 = Debug|Any CPU
		{B64D2D43-9E64-4C3E-9C47-EF7DC12FAF85}.Release|Any CPU.ActiveCfg = Release|Any CPU
		{B64D2D43-9E64-4C3E-9C47-EF7DC12FAF85}.Release|Any CPU.Build.0 = Release|Any CPU
		{F16F303C-86C2-4715-A4C9-05DE47727686}.Debug|Any CPU.ActiveCfg = Debug|Any CPU
		{F16F303C-86C2-4715-A4C9-05DE47727686}.Debug|Any CPU.Build.0 = Debug|Any CPU
		{F16F303C-86C2-4715-A4C9-05DE47727686}.Release|Any CPU.ActiveCfg = Release|Any CPU
		{F16F303C-86C2-4715-A4C9-05DE47727686}.Release|Any CPU.Build.0 = Release|Any CPU
		{048A737C-FC4D-447C-BBB4-C9099412AC9F}.Debug|Any CPU.ActiveCfg = Debug|Any CPU
		{048A737C-FC4D-447C-BBB4-C9099412AC9F}.Debug|Any CPU.Build.0 = Debug|Any CPU
		{048A737C-FC4D-447C-BBB4-C9099412AC9F}.Release|Any CPU.ActiveCfg = Release|Any CPU
		{048A737C-FC4D-447C-BBB4-C9099412AC9F}.Release|Any CPU.Build.0 = Release|Any CPU
		{C93D7C40-727F-4D59-A84A-C92B5B8527DD}.Debug|Any CPU.ActiveCfg = Debug|Any CPU
		{C93D7C40-727F-4D59-A84A-C92B5B8527DD}.Debug|Any CPU.Build.0 = Debug|Any CPU
		{C93D7C40-727F-4D59-A84A-C92B5B8527DD}.Release|Any CPU.ActiveCfg = Release|Any CPU
		{C93D7C40-727F-4D59-A84A-C92B5B8527DD}.Release|Any CPU.Build.0 = Release|Any CPU
		{42CB1C7D-C96E-42E6-A9FD-BF4C1129A19B}.Debug|Any CPU.ActiveCfg = Debug|Any CPU
		{42CB1C7D-C96E-42E6-A9FD-BF4C1129A19B}.Debug|Any CPU.Build.0 = Debug|Any CPU
		{42CB1C7D-C96E-42E6-A9FD-BF4C1129A19B}.Release|Any CPU.ActiveCfg = Release|Any CPU
		{42CB1C7D-C96E-42E6-A9FD-BF4C1129A19B}.Release|Any CPU.Build.0 = Release|Any CPU
		{EC217189-7B70-41D8-B09D-19C363C0E27D}.Debug|Any CPU.ActiveCfg = Debug|Any CPU
		{EC217189-7B70-41D8-B09D-19C363C0E27D}.Debug|Any CPU.Build.0 = Debug|Any CPU
		{EC217189-7B70-41D8-B09D-19C363C0E27D}.Release|Any CPU.ActiveCfg = Release|Any CPU
		{EC217189-7B70-41D8-B09D-19C363C0E27D}.Release|Any CPU.Build.0 = Release|Any CPU
		{3AB64A20-61CD-466C-BCE2-A47FD97F09C8}.Debug|Any CPU.ActiveCfg = Debug|Any CPU
		{3AB64A20-61CD-466C-BCE2-A47FD97F09C8}.Debug|Any CPU.Build.0 = Debug|Any CPU
		{3AB64A20-61CD-466C-BCE2-A47FD97F09C8}.Release|Any CPU.ActiveCfg = Release|Any CPU
		{3AB64A20-61CD-466C-BCE2-A47FD97F09C8}.Release|Any CPU.Build.0 = Release|Any CPU
		{4B6CE6E0-2ED7-472E-8975-8D3D39B23581}.Debug|Any CPU.ActiveCfg = Debug|Any CPU
		{4B6CE6E0-2ED7-472E-8975-8D3D39B23581}.Debug|Any CPU.Build.0 = Debug|Any CPU
		{4B6CE6E0-2ED7-472E-8975-8D3D39B23581}.Release|Any CPU.ActiveCfg = Release|Any CPU
		{4B6CE6E0-2ED7-472E-8975-8D3D39B23581}.Release|Any CPU.Build.0 = Release|Any CPU
		{21328C2F-F9CE-451D-A058-B53F55BD389C}.Debug|Any CPU.ActiveCfg = Debug|Any CPU
		{21328C2F-F9CE-451D-A058-B53F55BD389C}.Debug|Any CPU.Build.0 = Debug|Any CPU
		{21328C2F-F9CE-451D-A058-B53F55BD389C}.Release|Any CPU.ActiveCfg = Release|Any CPU
		{21328C2F-F9CE-451D-A058-B53F55BD389C}.Release|Any CPU.Build.0 = Release|Any CPU
		{85EED3D8-4368-4479-9CA4-553210487263}.Debug|Any CPU.ActiveCfg = Debug|Any CPU
		{85EED3D8-4368-4479-9CA4-553210487263}.Debug|Any CPU.Build.0 = Debug|Any CPU
		{85EED3D8-4368-4479-9CA4-553210487263}.Release|Any CPU.ActiveCfg = Release|Any CPU
		{85EED3D8-4368-4479-9CA4-553210487263}.Release|Any CPU.Build.0 = Release|Any CPU
		{1A66EDDE-73DE-4F97-AAA3-125C1A8E3511}.Debug|Any CPU.ActiveCfg = Debug|Any CPU
		{1A66EDDE-73DE-4F97-AAA3-125C1A8E3511}.Debug|Any CPU.Build.0 = Debug|Any CPU
		{1A66EDDE-73DE-4F97-AAA3-125C1A8E3511}.Release|Any CPU.ActiveCfg = Release|Any CPU
		{1A66EDDE-73DE-4F97-AAA3-125C1A8E3511}.Release|Any CPU.Build.0 = Release|Any CPU
		{71B85C54-1256-4D78-A421-DB2BF4A6E29F}.Debug|Any CPU.ActiveCfg = Debug|Any CPU
		{71B85C54-1256-4D78-A421-DB2BF4A6E29F}.Debug|Any CPU.Build.0 = Debug|Any CPU
		{71B85C54-1256-4D78-A421-DB2BF4A6E29F}.Release|Any CPU.ActiveCfg = Release|Any CPU
		{71B85C54-1256-4D78-A421-DB2BF4A6E29F}.Release|Any CPU.Build.0 = Release|Any CPU
		{AAE0CCD6-CD0A-4E34-A48B-FF781385455F}.Debug|Any CPU.ActiveCfg = Debug|Any CPU
		{AAE0CCD6-CD0A-4E34-A48B-FF781385455F}.Debug|Any CPU.Build.0 = Debug|Any CPU
		{AAE0CCD6-CD0A-4E34-A48B-FF781385455F}.Release|Any CPU.ActiveCfg = Release|Any CPU
		{AAE0CCD6-CD0A-4E34-A48B-FF781385455F}.Release|Any CPU.Build.0 = Release|Any CPU
		{817ACA7A-F174-4441-8E84-41A9125B1E02}.Debug|Any CPU.ActiveCfg = Debug|Any CPU
		{817ACA7A-F174-4441-8E84-41A9125B1E02}.Debug|Any CPU.Build.0 = Debug|Any CPU
		{817ACA7A-F174-4441-8E84-41A9125B1E02}.Release|Any CPU.ActiveCfg = Release|Any CPU
		{817ACA7A-F174-4441-8E84-41A9125B1E02}.Release|Any CPU.Build.0 = Release|Any CPU
		{39416E26-A4FA-46E3-B4E1-271ACEF72B84}.Debug|Any CPU.ActiveCfg = Debug|Any CPU
		{39416E26-A4FA-46E3-B4E1-271ACEF72B84}.Debug|Any CPU.Build.0 = Debug|Any CPU
		{39416E26-A4FA-46E3-B4E1-271ACEF72B84}.Release|Any CPU.ActiveCfg = Release|Any CPU
		{39416E26-A4FA-46E3-B4E1-271ACEF72B84}.Release|Any CPU.Build.0 = Release|Any CPU
		{7A2B5647-268E-4A74-827D-61226E3E7074}.Debug|Any CPU.ActiveCfg = Debug|Any CPU
		{7A2B5647-268E-4A74-827D-61226E3E7074}.Debug|Any CPU.Build.0 = Debug|Any CPU
		{7A2B5647-268E-4A74-827D-61226E3E7074}.Release|Any CPU.ActiveCfg = Release|Any CPU
		{7A2B5647-268E-4A74-827D-61226E3E7074}.Release|Any CPU.Build.0 = Release|Any CPU
		{49094F12-5678-4713-AA43-BB655F8B3BE8}.Debug|Any CPU.ActiveCfg = Debug|Any CPU
		{49094F12-5678-4713-AA43-BB655F8B3BE8}.Debug|Any CPU.Build.0 = Debug|Any CPU
		{49094F12-5678-4713-AA43-BB655F8B3BE8}.Release|Any CPU.ActiveCfg = Release|Any CPU
		{49094F12-5678-4713-AA43-BB655F8B3BE8}.Release|Any CPU.Build.0 = Release|Any CPU
		{E98986B6-401B-4626-B42A-F43EA4DADF51}.Debug|Any CPU.ActiveCfg = Debug|Any CPU
		{E98986B6-401B-4626-B42A-F43EA4DADF51}.Debug|Any CPU.Build.0 = Debug|Any CPU
		{E98986B6-401B-4626-B42A-F43EA4DADF51}.Release|Any CPU.ActiveCfg = Release|Any CPU
		{E98986B6-401B-4626-B42A-F43EA4DADF51}.Release|Any CPU.Build.0 = Release|Any CPU
		{DF0B745A-1D3D-47FB-A29C-59E1DB6CECF8}.Debug|Any CPU.ActiveCfg = Debug|Any CPU
		{DF0B745A-1D3D-47FB-A29C-59E1DB6CECF8}.Debug|Any CPU.Build.0 = Debug|Any CPU
		{DF0B745A-1D3D-47FB-A29C-59E1DB6CECF8}.Release|Any CPU.ActiveCfg = Release|Any CPU
		{DF0B745A-1D3D-47FB-A29C-59E1DB6CECF8}.Release|Any CPU.Build.0 = Release|Any CPU
		{A42CA9CE-39B2-41CC-9972-D794D22379D4}.Debug|Any CPU.ActiveCfg = Debug|Any CPU
		{A42CA9CE-39B2-41CC-9972-D794D22379D4}.Debug|Any CPU.Build.0 = Debug|Any CPU
		{A42CA9CE-39B2-41CC-9972-D794D22379D4}.Release|Any CPU.ActiveCfg = Release|Any CPU
		{A42CA9CE-39B2-41CC-9972-D794D22379D4}.Release|Any CPU.Build.0 = Release|Any CPU
		{99FD0614-4DAF-4AAA-80AE-A12057919C19}.Debug|Any CPU.ActiveCfg = Debug|Any CPU
		{99FD0614-4DAF-4AAA-80AE-A12057919C19}.Debug|Any CPU.Build.0 = Debug|Any CPU
		{99FD0614-4DAF-4AAA-80AE-A12057919C19}.Release|Any CPU.ActiveCfg = Release|Any CPU
		{99FD0614-4DAF-4AAA-80AE-A12057919C19}.Release|Any CPU.Build.0 = Release|Any CPU
	EndGlobalSection
	GlobalSection(SolutionProperties) = preSolution
		HideSolutionNode = FALSE
	EndGlobalSection
	GlobalSection(NestedProjects) = preSolution
		{7A2B5647-268E-4A74-827D-61226E3E7074} = {2A822AA4-5E2B-4D9E-874C-325E9F62E260}
		{49094F12-5678-4713-AA43-BB655F8B3BE8} = {2A822AA4-5E2B-4D9E-874C-325E9F62E260}
		{E98986B6-401B-4626-B42A-F43EA4DADF51} = {2A822AA4-5E2B-4D9E-874C-325E9F62E260}
		{DF0B745A-1D3D-47FB-A29C-59E1DB6CECF8} = {2A822AA4-5E2B-4D9E-874C-325E9F62E260}
		{A42CA9CE-39B2-41CC-9972-D794D22379D4} = {2A822AA4-5E2B-4D9E-874C-325E9F62E260}
	EndGlobalSection
	GlobalSection(ExtensibilityGlobals) = postSolution
		SolutionGuid = {04DB78D1-68B2-45C3-AFD5-DC467422C774}
	EndGlobalSection
EndGlobal
